
Microsoft Visual Studio Solution File, Format Version 12.00
# Visual Studio Version 16
VisualStudioVersion = 25.0.1706.8
MinimumVisualStudioVersion = 10.0.40219.1
Project("{FAE04EC0-301F-11D3-BF4B-00C04F79EFBC}") = "UnitTesting.fundamentals", "UnitTesting.fundamentals.csproj", "{27F6C86A-48B8-4447-88EB-9A37A2900298}"
EndProject
Global
	GlobalSection(SolutionConfigurationPlatforms) = preSolution
		Debug|Any CPU = Debug|Any CPU
		Release|Any CPU = Release|Any CPU
	EndGlobalSection
	GlobalSection(ProjectConfigurationPlatforms) = postSolution
		{27F6C86A-48B8-4447-88EB-9A37A2900298}.Debug|Any CPU.ActiveCfg = Debug|Any CPU
		{27F6C86A-48B8-4447-88EB-9A37A2900298}.Debug|Any CPU.Build.0 = Debug|Any CPU
		{27F6C86A-48B8-4447-88EB-9A37A2900298}.Release|Any CPU.ActiveCfg = Release|Any CPU
		{27F6C86A-48B8-4447-88EB-9A37A2900298}.Release|Any CPU.Build.0 = Release|Any CPU
	EndGlobalSection
	GlobalSection(SolutionProperties) = preSolution
		HideSolutionNode = FALSE
	EndGlobalSection
	GlobalSection(ExtensibilityGlobals) = postSolution
		SolutionGuid = {DA1CD8DD-19F2-4EF4-B36D-09E967326D29}
	EndGlobalSection
EndGlobal
